{
  "name": "ai-tool-discovery",
  "version": "1.1.0",
  "description": "Discovery and description of AI tools for chemistry using Hugging Face and Mistral.",
  "type": "module",
  "main": "scripts/NEW-discover-tools.mjs",
  "scripts": {
    "discover": "node scripts/NEW-discover-tools.mjs",
    "fetch": "node scripts/NEW-fetch-tools.mjs.mjs",
    "screenshot": "node scripts/screenshot-tools.mjs",
    "generate": "node scripts/generate-detail-pages.js",
    "update-data": "npm run discover && npm run screenshot && npm run fetch"
  },
  "author": "AI Tools for Chemists",
  "license": "MIT",
  "dependencies": {
    "@huggingface/inference": "^2.6.0",
    "yaml": "^2.3.4",
    "handlebars": "^4.7.8",
    "node-fetch": "^3.3.2",
    "fs-extra": "^11.2.0",
    "playwright": "^1.44.0",
    "cloudinary": "^1.37.1"
  },
  "engines": {
    "node": ">=20"
  },
  "keywords": [
    "cheminformatics",
    "drug-discovery",
    "ai-tools",
    "huggingface",
    "mistral"
  ]
}
